
Microsoft Visual Studio Solution File, Format Version 12.00
# Visual Studio Version 17
VisualStudioVersion = 17.2.32519.379
MinimumVisualStudioVersion = 10.0.40219.1
Project("{FAE04EC0-301F-11D3-BF4B-00C04F79EFBC}") = "CleanArchMvc.Domain", "CleanArchMvc.Domain\CleanArchMvc.Domain.csproj", "{F07A646E-2845-49E0-ACB4-99EC7A56E1AE}"
EndProject
Project("{FAE04EC0-301F-11D3-BF4B-00C04F79EFBC}") = "CleanArchMvc.Application", "CleanArchMvc.Application\CleanArchMvc.Application.csproj", "{A21B9E50-F628-458D-9E7D-CB42C1A35DB8}"
EndProject
Project("{FAE04EC0-301F-11D3-BF4B-00C04F79EFBC}") = "CleanArchMvc.Infra.Data", "CleanArchMvc.Infra.Data\CleanArchMvc.Infra.Data.csproj", "{4B6AB5BB-E9B7-48B2-B441-23E296E06AF6}"
EndProject
Project("{FAE04EC0-301F-11D3-BF4B-00C04F79EFBC}") = "CleanArchMvc.Infra.IoC", "CleanArchMvc.Infra.IoC\CleanArchMvc.Infra.IoC.csproj", "{B84E7C12-FB3E-4D26-9CB6-467B9E913384}"
EndProject
Project("{FAE04EC0-301F-11D3-BF4B-00C04F79EFBC}") = "CleanArchMvc.WebUI", "CleanArchMvc.WebUI\CleanArchMvc.WebUI.csproj", "{7982E0AD-6EBF-4EB5-8F28-ACB75AE8FD21}"
EndProject
Global
	GlobalSection(SolutionConfigurationPlatforms) = preSolution
		Debug|Any CPU = Debug|Any CPU
		Release|Any CPU = Release|Any CPU
	EndGlobalSection
	GlobalSection(ProjectConfigurationPlatforms) = postSolution
		{F07A646E-2845-49E0-ACB4-99EC7A56E1AE}.Debug|Any CPU.ActiveCfg = Debug|Any CPU
		{F07A646E-2845-49E0-ACB4-99EC7A56E1AE}.Debug|Any CPU.Build.0 = Debug|Any CPU
		{F07A646E-2845-49E0-ACB4-99EC7A56E1AE}.Release|Any CPU.ActiveCfg = Release|Any CPU
		{F07A646E-2845-49E0-ACB4-99EC7A56E1AE}.Release|Any CPU.Build.0 = Release|Any CPU
		{A21B9E50-F628-458D-9E7D-CB42C1A35DB8}.Debug|Any CPU.ActiveCfg = Debug|Any CPU
		{A21B9E50-F628-458D-9E7D-CB42C1A35DB8}.Debug|Any CPU.Build.0 = Debug|Any CPU
		{A21B9E50-F628-458D-9E7D-CB42C1A35DB8}.Release|Any CPU.ActiveCfg = Release|Any CPU
		{A21B9E50-F628-458D-9E7D-CB42C1A35DB8}.Release|Any CPU.Build.0 = Release|Any CPU
		{4B6AB5BB-E9B7-48B2-B441-23E296E06AF6}.Debug|Any CPU.ActiveCfg = Debug|Any CPU
		{4B6AB5BB-E9B7-48B2-B441-23E296E06AF6}.Debug|Any CPU.Build.0 = Debug|Any CPU
		{4B6AB5BB-E9B7-48B2-B441-23E296E06AF6}.Release|Any CPU.ActiveCfg = Release|Any CPU
		{4B6AB5BB-E9B7-48B2-B441-23E296E06AF6}.Release|Any CPU.Build.0 = Release|Any CPU
		{B84E7C12-FB3E-4D26-9CB6-467B9E913384}.Debug|Any CPU.ActiveCfg = Debug|Any CPU
		{B84E7C12-FB3E-4D26-9CB6-467B9E913384}.Debug|Any CPU.Build.0 = Debug|Any CPU
		{B84E7C12-FB3E-4D26-9CB6-467B9E913384}.Release|Any CPU.ActiveCfg = Release|Any CPU
		{B84E7C12-FB3E-4D26-9CB6-467B9E913384}.Release|Any CPU.Build.0 = Release|Any CPU
		{7982E0AD-6EBF-4EB5-8F28-ACB75AE8FD21}.Debug|Any CPU.ActiveCfg = Debug|Any CPU
		{7982E0AD-6EBF-4EB5-8F28-ACB75AE8FD21}.Debug|Any CPU.Build.0 = Debug|Any CPU
		{7982E0AD-6EBF-4EB5-8F28-ACB75AE8FD21}.Release|Any CPU.ActiveCfg = Release|Any CPU
		{7982E0AD-6EBF-4EB5-8F28-ACB75AE8FD21}.Release|Any CPU.Build.0 = Release|Any CPU
	EndGlobalSection
	GlobalSection(SolutionProperties) = preSolution
		HideSolutionNode = FALSE
	EndGlobalSection
	GlobalSection(ExtensibilityGlobals) = postSolution
		SolutionGuid = {5D46AB9D-9B09-4C10-9CE6-85D22F6B5069}
	EndGlobalSection
EndGlobal
